
Microsoft Visual Studio Solution File, Format Version 12.00
# Visual Studio Version 16
VisualStudioVersion = 16.0.32630.194
MinimumVisualStudioVersion = 10.0.40219.1
Project("{9A19103F-16F7-4668-BE54-9A1E7A4F7556}") = "AWSServerlessContainerImageCloudFormation", "AWSServerlessContainerImageCloudFormation\AWSServerlessContainerImageCloudFormation.csproj", "{4C555A8B-A755-4C95-A21F-4BABDB8887BE}"
EndProject
Project("{9A19103F-16F7-4668-BE54-9A1E7A4F7556}") = "AWSServerlessContainerImageCloudFormation.Tests", "AWSServerlessContainerImageCloudFormation.Tests\AWSServerlessContainerImageCloudFormation.Tests.csproj", "{C2D0EC9A-A3C8-4877-B986-A4EEC199F9FC}"
EndProject
Global
	GlobalSection(SolutionConfigurationPlatforms) = preSolution
		Debug|Any CPU = Debug|Any CPU
		Release|Any CPU = Release|Any CPU
	EndGlobalSection
	GlobalSection(ProjectConfigurationPlatforms) = postSolution
		{4C555A8B-A755-4C95-A21F-4BABDB8887BE}.Debug|Any CPU.ActiveCfg = Debug|Any CPU
		{4C555A8B-A755-4C95-A21F-4BABDB8887BE}.Debug|Any CPU.Build.0 = Debug|Any CPU
		{4C555A8B-A755-4C95-A21F-4BABDB8887BE}.Release|Any CPU.ActiveCfg = Release|Any CPU
		{4C555A8B-A755-4C95-A21F-4BABDB8887BE}.Release|Any CPU.Build.0 = Release|Any CPU
		{C2D0EC9A-A3C8-4877-B986-A4EEC199F9FC}.Debug|Any CPU.ActiveCfg = Debug|Any CPU
		{C2D0EC9A-A3C8-4877-B986-A4EEC199F9FC}.Debug|Any CPU.Build.0 = Debug|Any CPU
		{C2D0EC9A-A3C8-4877-B986-A4EEC199F9FC}.Release|Any CPU.ActiveCfg = Release|Any CPU
		{C2D0EC9A-A3C8-4877-B986-A4EEC199F9FC}.Release|Any CPU.Build.0 = Release|Any CPU
	EndGlobalSection
	GlobalSection(SolutionProperties) = preSolution
		HideSolutionNode = FALSE
	EndGlobalSection
	GlobalSection(ExtensibilityGlobals) = postSolution
		SolutionGuid = {13EE643E-A7E8-4031-84FA-4241CF5B4003}
	EndGlobalSection
EndGlobal
